// !$*UTF8*$!
{
	archiveVersion = 1;
	classes = {
	};
	objectVersion = 46;
	objects = {

/* Begin PBXBuildFile section */
		1864358C19B3571600305CF0 /* Foundation.framework in Frameworks */ = {isa = PBXBuildFile; fileRef = 1864358B19B3571600305CF0 /* Foundation.framework */; };
		1864358E19B3571600305CF0 /* CoreGraphics.framework in Frameworks */ = {isa = PBXBuildFile; fileRef = 1864358D19B3571600305CF0 /* CoreGraphics.framework */; };
		1864359019B3571600305CF0 /* UIKit.framework in Frameworks */ = {isa = PBXBuildFile; fileRef = 1864358F19B3571600305CF0 /* UIKit.framework */; };
		1864359619B3571600305CF0 /* InfoPlist.strings in Resources */ = {isa = PBXBuildFile; fileRef = 1864359419B3571600305CF0 /* InfoPlist.strings */; };
		1864359819B3571600305CF0 /* main.m in Sources */ = {isa = PBXBuildFile; fileRef = 1864359719B3571600305CF0 /* main.m */; };
		1864359C19B3571600305CF0 /* AppDelegate.m in Sources */ = {isa = PBXBuildFile; fileRef = 1864359B19B3571600305CF0 /* AppDelegate.m */; };
		1864359F19B3571600305CF0 /* Main_iPhone.storyboard in Resources */ = {isa = PBXBuildFile; fileRef = 1864359D19B3571600305CF0 /* Main_iPhone.storyboard */; };
		186435A219B3571600305CF0 /* Main_iPad.storyboard in Resources */ = {isa = PBXBuildFile; fileRef = 186435A019B3571600305CF0 /* Main_iPad.storyboard */; };
		186435A519B3571600305CF0 /* ViewController.m in Sources */ = {isa = PBXBuildFile; fileRef = 186435A419B3571600305CF0 /* ViewController.m */; };
		186435A719B3571600305CF0 /* Images.xcassets in Resources */ = {isa = PBXBuildFile; fileRef = 186435A619B3571600305CF0 /* Images.xcassets */; };
		186435AE19B3571600305CF0 /* XCTest.framework in Frameworks */ = {isa = PBXBuildFile; fileRef = 186435AD19B3571600305CF0 /* XCTest.framework */; };
		186435AF19B3571600305CF0 /* Foundation.framework in Frameworks */ = {isa = PBXBuildFile; fileRef = 1864358B19B3571600305CF0 /* Foundation.framework */; };
		186435B019B3571600305CF0 /* UIKit.framework in Frameworks */ = {isa = PBXBuildFile; fileRef = 1864358F19B3571600305CF0 /* UIKit.framework */; };
		186435B819B3571600305CF0 /* InfoPlist.strings in Resources */ = {isa = PBXBuildFile; fileRef = 186435B619B3571600305CF0 /* InfoPlist.strings */; };
		186435BA19B3571600305CF0 /* CrashLogTests.m in Sources */ = {isa = PBXBuildFile; fileRef = 186435B919B3571600305CF0 /* CrashLogTests.m */; };
/* End PBXBuildFile section */

/* Begin PBXContainerItemProxy section */
		186435B119B3571600305CF0 /* PBXContainerItemProxy */ = {
			isa = PBXContainerItemProxy;
			containerPortal = 1864358019B3571600305CF0 /* Project object */;
			proxyType = 1;
			remoteGlobalIDString = 1864358719B3571600305CF0;
			remoteInfo = CrashLog;
		};
/* End PBXContainerItemProxy section */

/* Begin PBXFileReference section */
		1864358819B3571600305CF0 /* CrashLog.app */ = {isa = PBXFileReference; explicitFileType = wrapper.application; includeInIndex = 0; path = CrashLog.app; sourceTree = BUILT_PRODUCTS_DIR; };
		1864358B19B3571600305CF0 /* Foundation.framework */ = {isa = PBXFileReference; lastKnownFileType = wrapper.framework; name = Foundation.framework; path = System/Library/Frameworks/Foundation.framework; sourceTree = SDKROOT; };
		1864358D19B3571600305CF0 /* CoreGraphics.framework */ = {isa = PBXFileReference; lastKnownFileType = wrapper.framework; name = CoreGraphics.framework; path = System/Library/Frameworks/CoreGraphics.framework; sourceTree = SDKROOT; };
		1864358F19B3571600305CF0 /* UIKit.framework */ = {isa = PBXFileReference; lastKnownFileType = wrapper.framework; name = UIKit.framework; path = System/Library/Frameworks/UIKit.framework; sourceTree = SDKROOT; };
		1864359319B3571600305CF0 /* CrashLog-Info.plist */ = {isa = PBXFileReference; lastKnownFileType = text.plist.xml; path = "CrashLog-Info.plist"; sourceTree = "<group>"; };
		1864359519B3571600305CF0 /* en */ = {isa = PBXFileReference; lastKnownFileType = text.plist.strings; name = en; path = en.lproj/InfoPlist.strings; sourceTree = "<group>"; };
		1864359719B3571600305CF0 /* main.m */ = {isa = PBXFileReference; lastKnownFileType = sourcecode.c.objc; path = main.m; sourceTree = "<group>"; };
		1864359919B3571600305CF0 /* CrashLog-Prefix.pch */ = {isa = PBXFileReference; lastKnownFileType = sourcecode.c.h; path = "CrashLog-Prefix.pch"; sourceTree = "<group>"; };
		1864359A19B3571600305CF0 /* AppDelegate.h */ = {isa = PBXFileReference; lastKnownFileType = sourcecode.c.h; path = AppDelegate.h; sourceTree = "<group>"; };
		1864359B19B3571600305CF0 /* AppDelegate.m */ = {isa = PBXFileReference; lastKnownFileType = sourcecode.c.objc; path = AppDelegate.m; sourceTree = "<group>"; };
		1864359E19B3571600305CF0 /* Base */ = {isa = PBXFileReference; lastKnownFileType = file.storyboard; name = Base; path = Base.lproj/Main_iPhone.storyboard; sourceTree = "<group>"; };
		186435A119B3571600305CF0 /* Base */ = {isa = PBXFileReference; lastKnownFileType = file.storyboard; name = Base; path = Base.lproj/Main_iPad.storyboard; sourceTree = "<group>"; };
		186435A319B3571600305CF0 /* ViewController.h */ = {isa = PBXFileReference; lastKnownFileType = sourcecode.c.h; path = ViewController.h; sourceTree = "<group>"; };
		186435A419B3571600305CF0 /* ViewController.m */ = {isa = PBXFileReference; lastKnownFileType = sourcecode.c.objc; path = ViewController.m; sourceTree = "<group>"; };
		186435A619B3571600305CF0 /* Images.xcassets */ = {isa = PBXFileReference; lastKnownFileType = folder.assetcatalog; path = Images.xcassets; sourceTree = "<group>"; };
		186435AC19B3571600305CF0 /* CrashLogTests.xctest */ = {isa = PBXFileReference; explicitFileType = wrapper.cfbundle; includeInIndex = 0; path = CrashLogTests.xctest; sourceTree = BUILT_PRODUCTS_DIR; };
		186435AD19B3571600305CF0 /* XCTest.framework */ = {isa = PBXFileReference; lastKnownFileType = wrapper.framework; name = XCTest.framework; path = Library/Frameworks/XCTest.framework; sourceTree = DEVELOPER_DIR; };
		186435B519B3571600305CF0 /* CrashLogTests-Info.plist */ = {isa = PBXFileReference; lastKnownFileType = text.plist.xml; path = "CrashLogTests-Info.plist"; sourceTree = "<group>"; };
		186435B719B3571600305CF0 /* en */ = {isa = PBXFileReference; lastKnownFileType = text.plist.strings; name = en; path = en.lproj/InfoPlist.strings; sourceTree = "<group>"; };
		186435B919B3571600305CF0 /* CrashLogTests.m */ = {isa = PBXFileReference; lastKnownFileType = sourcecode.c.objc; path = CrashLogTests.m; sourceTree = "<group>"; };
/* End PBXFileReference section */

/* Begin PBXFrameworksBuildPhase section */
		1864358519B3571600305CF0 /* Frameworks */ = {
			isa = PBXFrameworksBuildPhase;
			buildActionMask = 2147483647;
			files = (
				1864358E19B3571600305CF0 /* CoreGraphics.framework in Frameworks */,
				1864359019B3571600305CF0 /* UIKit.framework in Frameworks */,
				1864358C19B3571600305CF0 /* Foundation.framework in Frameworks */,
			);
			runOnlyForDeploymentPostprocessing = 0;
		};
		186435A919B3571600305CF0 /* Frameworks */ = {
			isa = PBXFrameworksBuildPhase;
			buildActionMask = 2147483647;
			files = (
				186435AE19B3571600305CF0 /* XCTest.framework in Frameworks */,
				186435B019B3571600305CF0 /* UIKit.framework in Frameworks */,
				186435AF19B3571600305CF0 /* Foundation.framework in Frameworks */,
			);
			runOnlyForDeploymentPostprocessing = 0;
		};
/* End PBXFrameworksBuildPhase section */

/* Begin PBXGroup section */
		1864357F19B3571600305CF0 = {
			isa = PBXGroup;
			children = (
				1864359119B3571600305CF0 /* CrashLog */,
				186435B319B3571600305CF0 /* CrashLogTests */,
				1864358A19B3571600305CF0 /* Frameworks */,
				1864358919B3571600305CF0 /* Products */,
			);
			sourceTree = "<group>";
		};
		1864358919B3571600305CF0 /* Products */ = {
			isa = PBXGroup;
			children = (
				1864358819B3571600305CF0 /* CrashLog.app */,
				186435AC19B3571600305CF0 /* CrashLogTests.xctest */,
			);
			name = Products;
			sourceTree = "<group>";
		};
		1864358A19B3571600305CF0 /* Frameworks */ = {
			isa = PBXGroup;
			children = (
				1864358B19B3571600305CF0 /* Foundation.framework */,
				1864358D19B3571600305CF0 /* CoreGraphics.framework */,
				1864358F19B3571600305CF0 /* UIKit.framework */,
				186435AD19B3571600305CF0 /* XCTest.framework */,
			);
			name = Frameworks;
			sourceTree = "<group>";
		};
		1864359119B3571600305CF0 /* CrashLog */ = {
			isa = PBXGroup;
			children = (
				1864359A19B3571600305CF0 /* AppDelegate.h */,
				1864359B19B3571600305CF0 /* AppDelegate.m */,
				1864359D19B3571600305CF0 /* Main_iPhone.storyboard */,
				186435A019B3571600305CF0 /* Main_iPad.storyboard */,
				186435A319B3571600305CF0 /* ViewController.h */,
				186435A419B3571600305CF0 /* ViewController.m */,
				186435A619B3571600305CF0 /* Images.xcassets */,
				1864359219B3571600305CF0 /* Supporting Files */,
			);
			path = CrashLog;
			sourceTree = "<group>";
		};
		1864359219B3571600305CF0 /* Supporting Files */ = {
			isa = PBXGroup;
			children = (
				1864359319B3571600305CF0 /* CrashLog-Info.plist */,
				1864359419B3571600305CF0 /* InfoPlist.strings */,
				1864359719B3571600305CF0 /* main.m */,
				1864359919B3571600305CF0 /* CrashLog-Prefix.pch */,
			);
			name = "Supporting Files";
			sourceTree = "<group>";
		};
		186435B319B3571600305CF0 /* CrashLogTests */ = {
			isa = PBXGroup;
			children = (
				186435B919B3571600305CF0 /* CrashLogTests.m */,
				186435B419B3571600305CF0 /* Supporting Files */,
			);
			path = CrashLogTests;
			sourceTree = "<group>";
		};
		186435B419B3571600305CF0 /* Supporting Files */ = {
			isa = PBXGroup;
			children = (
				186435B519B3571600305CF0 /* CrashLogTests-Info.plist */,
				186435B619B3571600305CF0 /* InfoPlist.strings */,
			);
			name = "Supporting Files";
			sourceTree = "<group>";
		};
/* End PBXGroup section */

/* Begin PBXNativeTarget section */
		1864358719B3571600305CF0 /* CrashLog */ = {
			isa = PBXNativeTarget;
			buildConfigurationList = 186435BD19B3571600305CF0 /* Build configuration list for PBXNativeTarget "CrashLog" */;
			buildPhases = (
				1864358419B3571600305CF0 /* Sources */,
				1864358519B3571600305CF0 /* Frameworks */,
				1864358619B3571600305CF0 /* Resources */,
			);
			buildRules = (
			);
			dependencies = (
			);
			name = CrashLog;
			productName = CrashLog;
			productReference = 1864358819B3571600305CF0 /* CrashLog.app */;
			productType = "com.apple.product-type.application";
		};
		186435AB19B3571600305CF0 /* CrashLogTests */ = {
			isa = PBXNativeTarget;
			buildConfigurationList = 186435C019B3571600305CF0 /* Build configuration list for PBXNativeTarget "CrashLogTests" */;
			buildPhases = (
				186435A819B3571600305CF0 /* Sources */,
				186435A919B3571600305CF0 /* Frameworks */,
				186435AA19B3571600305CF0 /* Resources */,
			);
			buildRules = (
			);
			dependencies = (
				186435B219B3571600305CF0 /* PBXTargetDependency */,
			);
			name = CrashLogTests;
			productName = CrashLogTests;
			productReference = 186435AC19B3571600305CF0 /* CrashLogTests.xctest */;
			productType = "com.apple.product-type.bundle.unit-test";
		};
/* End PBXNativeTarget section */

/* Begin PBXProject section */
		1864358019B3571600305CF0 /* Project object */ = {
			isa = PBXProject;
			attributes = {
				LastUpgradeCheck = 0510;
				ORGANIZATIONNAME = Wani;
				TargetAttributes = {
					186435AB19B3571600305CF0 = {
						TestTargetID = 1864358719B3571600305CF0;
					};
				};
			};
			buildConfigurationList = 1864358319B3571600305CF0 /* Build configuration list for PBXProject "CrashLog" */;
			compatibilityVersion = "Xcode 3.2";
			developmentRegion = English;
			hasScannedForEncodings = 0;
			knownRegions = (
				en,
				Base,
			);
			mainGroup = 1864357F19B3571600305CF0;
			productRefGroup = 1864358919B3571600305CF0 /* Products */;
			projectDirPath = "";
			projectRoot = "";
			targets = (
				1864358719B3571600305CF0 /* CrashLog */,
				186435AB19B3571600305CF0 /* CrashLogTests */,
			);
		};
/* End PBXProject section */

/* Begin PBXResourcesBuildPhase section */
		1864358619B3571600305CF0 /* Resources */ = {
			isa = PBXResourcesBuildPhase;
			buildActionMask = 2147483647;
			files = (
				186435A219B3571600305CF0 /* Main_iPad.storyboard in Resources */,
				186435A719B3571600305CF0 /* Images.xcassets in Resources */,
				1864359F19B3571600305CF0 /* Main_iPhone.storyboard in Resources */,
				1864359619B3571600305CF0 /* InfoPlist.strings in Resources */,
			);
			runOnlyForDeploymentPostprocessing = 0;
		};
		186435AA19B3571600305CF0 /* Resources */ = {
			isa = PBXResourcesBuildPhase;
			buildActionMask = 2147483647;
			files = (
				186435B819B3571600305CF0 /* InfoPlist.strings in Resources */,
			);
			runOnlyForDeploymentPostprocessing = 0;
		};
/* End PBXResourcesBuildPhase section */

/* Begin PBXSourcesBuildPhase section */
		1864358419B3571600305CF0 /* Sources */ = {
			isa = PBXSourcesBuildPhase;
			buildActionMask = 2147483647;
			files = (
				186435A519B3571600305CF0 /* ViewController.m in Sources */,
				1864359C19B3571600305CF0 /* AppDelegate.m in Sources */,
				1864359819B3571600305CF0 /* main.m in Sources */,
			);
			runOnlyForDeploymentPostprocessing = 0;
		};
		186435A819B3571600305CF0 /* Sources */ = {
			isa = PBXSourcesBuildPhase;
			buildActionMask = 2147483647;
			files = (
				186435BA19B3571600305CF0 /* CrashLogTests.m in Sources */,
			);
			runOnlyForDeploymentPostprocessing = 0;
		};
/* End PBXSourcesBuildPhase section */

/* Begin PBXTargetDependency section */
		186435B219B3571600305CF0 /* PBXTargetDependency */ = {
			isa = PBXTargetDependency;
			target = 1864358719B3571600305CF0 /* CrashLog */;
			targetProxy = 186435B119B3571600305CF0 /* PBXContainerItemProxy */;
		};
/* End PBXTargetDependency section */

/* Begin PBXVariantGroup section */
		1864359419B3571600305CF0 /* InfoPlist.strings */ = {
			isa = PBXVariantGroup;
			children = (
				1864359519B3571600305CF0 /* en */,
			);
			name = InfoPlist.strings;
			sourceTree = "<group>";
		};
		1864359D19B3571600305CF0 /* Main_iPhone.storyboard */ = {
			isa = PBXVariantGroup;
			children = (
				1864359E19B3571600305CF0 /* Base */,
			);
			name = Main_iPhone.storyboard;
			sourceTree = "<group>";
		};
		186435A019B3571600305CF0 /* Main_iPad.storyboard */ = {
			isa = PBXVariantGroup;
			children = (
				186435A119B3571600305CF0 /* Base */,
			);
			name = Main_iPad.storyboard;
			sourceTree = "<group>";
		};
		186435B619B3571600305CF0 /* InfoPlist.strings */ = {
			isa = PBXVariantGroup;
			children = (
				186435B719B3571600305CF0 /* en */,
			);
			name = InfoPlist.strings;
			sourceTree = "<group>";
		};
/* End PBXVariantGroup section */

/* Begin XCBuildConfiguration section */
		186435BB19B3571600305CF0 /* Debug */ = {
			isa = XCBuildConfiguration;
			buildSettings = {
				ALWAYS_SEARCH_USER_PATHS = NO;
				CLANG_CXX_LANGUAGE_STANDARD = "gnu++0x";
				CLANG_CXX_LIBRARY = "libc++";
				CLANG_ENABLE_MODULES = YES;
				CLANG_ENABLE_OBJC_ARC = YES;
				CLANG_WARN_BOOL_CONVERSION = YES;
				CLANG_WARN_CONSTANT_CONVERSION = YES;
				CLANG_WARN_DIRECT_OBJC_ISA_USAGE = YES_ERROR;
				CLANG_WARN_EMPTY_BODY = YES;
				CLANG_WARN_ENUM_CONVERSION = YES;
				CLANG_WARN_INT_CONVERSION = YES;
				CLANG_WARN_OBJC_ROOT_CLASS = YES_ERROR;
				CLANG_WARN__DUPLICATE_METHOD_MATCH = YES;
				"CODE_SIGN_IDENTITY[sdk=iphoneos*]" = "iPhone Developer";
				COPY_PHASE_STRIP = NO;
				GCC_C_LANGUAGE_STANDARD = gnu99;
				GCC_DYNAMIC_NO_PIC = NO;
				GCC_OPTIMIZATION_LEVEL = 0;
				GCC_PREPROCESSOR_DEFINITIONS = (
					"DEBUG=1",
					"$(inherited)",
				);
				GCC_SYMBOLS_PRIVATE_EXTERN = NO;
				GCC_WARN_64_TO_32_BIT_CONVERSION = YES;
				GCC_WARN_ABOUT_RETURN_TYPE = YES_ERROR;
				GCC_WARN_UNDECLARED_SELECTOR = YES;
				GCC_WARN_UNINITIALIZED_AUTOS = YES_AGGRESSIVE;
				GCC_WARN_UNUSED_FUNCTION = YES;
				GCC_WARN_UNUSED_VARIABLE = YES;
				IPHONEOS_DEPLOYMENT_TARGET = 7.1;
				ONLY_ACTIVE_ARCH = YES;
				SDKROOT = iphoneos;
				TARGETED_DEVICE_FAMILY = "1,2";
			};
			name = Debug;
		};
		186435BC19B3571600305CF0 /* Release */ = {
			isa = XCBuildConfiguration;
			buildSettings = {
				ALWAYS_SEARCH_USER_PATHS = NO;
				CLANG_CXX_LANGUAGE_STANDARD = "gnu++0x";
				CLANG_CXX_LIBRARY = "libc++";
				CLANG_ENABLE_MODULES = YES;
				CLANG_ENABLE_OBJC_ARC = YES;
				CLANG_WARN_BOOL_CONVERSION = YES;
				CLANG_WARN_CONSTANT_CONVERSION = YES;
				CLANG_WARN_DIRECT_OBJC_ISA_USAGE = YES_ERROR;
				CLANG_WARN_EMPTY_BODY = YES;
				CLANG_WARN_ENUM_CONVERSION = YES;
				CLANG_WARN_INT_CONVERSION = YES;
				CLANG_WARN_OBJC_ROOT_CLASS = YES_ERROR;
				CLANG_WARN__DUPLICATE_METHOD_MATCH = YES;
				"CODE_SIGN_IDENTITY[sdk=iphoneos*]" = "iPhone Developer";
				COPY_PHASE_STRIP = YES;
				ENABLE_NS_ASSERTIONS = NO;
				GCC_C_LANGUAGE_STANDARD = gnu99;
				GCC_WARN_64_TO_32_BIT_CONVERSION = YES;
				GCC_WARN_ABOUT_RETURN_TYPE = YES_ERROR;
				GCC_WARN_UNDECLARED_SELECTOR = YES;
				GCC_WARN_UNINITIALIZED_AUTOS = YES_AGGRESSIVE;
				GCC_WARN_UNUSED_FUNCTION = YES;
				GCC_WARN_UNUSED_VARIABLE = YES;
				IPHONEOS_DEPLOYMENT_TARGET = 7.1;
				SDKROOT = iphoneos;
				TARGETED_DEVICE_FAMILY = "1,2";
				VALIDATE_PRODUCT = YES;
			};
			name = Release;
		};
		186435BE19B3571600305CF0 /* Debug */ = {
			isa = XCBuildConfiguration;
			buildSettings = {
				ASSETCATALOG_COMPILER_APPICON_NAME = AppIcon;
				ASSETCATALOG_COMPILER_LAUNCHIMAGE_NAME = LaunchImage;
				GCC_PRECOMPILE_PREFIX_HEADER = YES;
				GCC_PREFIX_HEADER = "CrashLog/CrashLog-Prefix.pch";
				INFOPLIST_FILE = "CrashLog/CrashLog-Info.plist";
				PRODUCT_NAME = "$(TARGET_NAME)";
				WRAPPER_EXTENSION = app;
			};
			name = Debug;
		};
		186435BF19B3571600305CF0 /* Release */ = {
			isa = XCBuildConfiguration;
			buildSettings = {
				ASSETCATALOG_COMPILER_APPICON_NAME = AppIcon;
				ASSETCATALOG_COMPILER_LAUNCHIMAGE_NAME = LaunchImage;
				GCC_PRECOMPILE_PREFIX_HEADER = YES;
				GCC_PREFIX_HEADER = "CrashLog/CrashLog-Prefix.pch";
				INFOPLIST_FILE = "CrashLog/CrashLog-Info.plist";
				PRODUCT_NAME = "$(TARGET_NAME)";
				WRAPPER_EXTENSION = app;
			};
			name = Release;
		};
		186435C119B3571600305CF0 /* Debug */ = {
			isa = XCBuildConfiguration;
			buildSettings = {
				BUNDLE_LOADER = "$(BUILT_PRODUCTS_DIR)/CrashLog.app/CrashLog";
				FRAMEWORK_SEARCH_PATHS = (
					"$(SDKROOT)/Developer/Library/Frameworks",
					"$(inherited)",
					"$(DEVELOPER_FRAMEWORKS_DIR)",
				);
				GCC_PRECOMPILE_PREFIX_HEADER = YES;
				GCC_PREFIX_HEADER = "CrashLog/CrashLog-Prefix.pch";
				GCC_PREPROCESSOR_DEFINITIONS = (
					"DEBUG=1",
					"$(inherited)",
				);
				INFOPLIST_FILE = "CrashLogTests/CrashLogTests-Info.plist";
				PRODUCT_NAME = "$(TARGET_NAME)";
				TEST_HOST = "$(BUNDLE_LOADER)";
				WRAPPER_EXTENSION = xctest;
			};
			name = Debug;
		};
		186435C219B3571600305CF0 /* Release */ = {
			isa = XCBuildConfiguration;
			buildSettings = {
				BUNDLE_LOADER = "$(BUILT_PRODUCTS_DIR)/CrashLog.app/CrashLog";
				FRAMEWORK_SEARCH_PATHS = (
					"$(SDKROOT)/Developer/Library/Frameworks",
					"$(inherited)",
					"$(DEVELOPER_FRAMEWORKS_DIR)",
				);
				GCC_PRECOMPILE_PREFIX_HEADER = YES;
				GCC_PREFIX_HEADER = "CrashLog/CrashLog-Prefix.pch";
				INFOPLIST_FILE = "CrashLogTests/CrashLogTests-Info.plist";
				PRODUCT_NAME = "$(TARGET_NAME)";
				TEST_HOST = "$(BUNDLE_LOADER)";
				WRAPPER_EXTENSION = xctest;
			};
			name = Release;
		};
/* End XCBuildConfiguration section */

/* Begin XCConfigurationList section */
		1864358319B3571600305CF0 /* Build configuration list for PBXProject "CrashLog" */ = {
			isa = XCConfigurationList;
			buildConfigurations = (
				186435BB19B3571600305CF0 /* Debug */,
				186435BC19B3571600305CF0 /* Release */,
			);
			defaultConfigurationIsVisible = 0;
			defaultConfigurationName = Release;
		};
		186435BD19B3571600305CF0 /* Build configuration list for PBXNativeTarget "CrashLog" */ = {
			isa = XCConfigurationList;
			buildConfigurations = (
				186435BE19B3571600305CF0 /* Debug */,
				186435BF19B3571600305CF0 /* Release */,
			);
			defaultConfigurationIsVisible = 0;
		};
		186435C019B3571600305CF0 /* Build configuration list for PBXNativeTarget "CrashLogTests" */ = {
			isa = XCConfigurationList;
			buildConfigurations = (
				186435C119B3571600305CF0 /* Debug */,
				186435C219B3571600305CF0 /* Release */,
			);
			defaultConfigurationIsVisible = 0;
		};
/* End XCConfigurationList section */
	};
	rootObject = 1864358019B3571600305CF0 /* Project object */;
}
